{
  "name": "receipt-automation",
  "version": "0.0.1",
  "lockfileVersion": 1,
  "requires": true,
  "dependencies": {
    "@stencil/core": {
      "version": "2.3.0",
      "resolved": "https://registry.npmjs.org/@stencil/core/-/core-2.3.0.tgz",
      "integrity": "sha512-VZ/Ox0E1kngcmHbJhHUufuLELi+xG3of3LuRI3X2AMWyE82JUVYlOEsQci/YBZWpfc9BS9I36R88prBew22oew==",
      "dev": true
    },
    "@stencil/router": {
      "version": "1.0.1",
      "resolved": "https://registry.npmjs.org/@stencil/router/-/router-1.0.1.tgz",
      "integrity": "sha512-ZMholl1BE+glNAc/8pcEb9RYkeH0XETxsJbx6D7f3azTmaTXqKYty1IACP/3BtVjuimpfLdxQJ+J95wKmnYBtA==",
      "dev": true,
      "requires": {
        "@stencil/state-tunnel": "^1.0.1"
      }
    },
    "@stencil/sass": {
      "version": "1.4.1",
      "resolved": "https://registry.npmjs.org/@stencil/sass/-/sass-1.4.1.tgz",
      "integrity": "sha512-aFKoqtxZ/8BRbvNFiWRycGiqvMI22Ifn5qsKfq0U23j43XD81jT6d7K0WQd55ejNpoSpdxJcbOuFgQy3mXizfA==",
      "dev": true
    },
    "@stencil/state-tunnel": {
      "version": "1.0.1",
      "resolved": "https://registry.npmjs.org/@stencil/state-tunnel/-/state-tunnel-1.0.1.tgz",
      "integrity": "sha512-DYG8uROgL9hkjVTCtCfRBb0d3FwpiFB0muRrNZQ2X1Qo5hxMuNNji76/ILddqeq0AfgkKCW82xrMPDpy+rNIhQ==",
      "dev": true
    },
    "@types/w3c-image-capture": {
      "version": "1.0.2",
      "resolved": "https://registry.npmjs.org/@types/w3c-image-capture/-/w3c-image-capture-1.0.2.tgz",
      "integrity": "sha512-r3OpASHP8NtO0WVc+YHZQks1qupfpx7wI7SFiVIsvuzmIQIv1K86wUG5w6o2zY2GN2QvjEGIF4eXBpOJa9dj6A==",
      "dev": true,
      "requires": {
        "@types/webrtc": "*"
      }
    },
    "@types/webrtc": {
      "version": "0.0.26",
      "resolved": "https://registry.npmjs.org/@types/webrtc/-/webrtc-0.0.26.tgz",
      "integrity": "sha512-hTDoPKPYbgcogZA9eqhihPO+HnUs5BNPfnoOyc9bzcuq56eYV28zwJ+3tortPN0uXgmDvNs3f1JaT4oTbtWxqg==",
      "dev": true
    },
    "flyd": {
      "version": "0.2.8",
      "resolved": "https://registry.npmjs.org/flyd/-/flyd-0.2.8.tgz",
      "integrity": "sha512-PVr++d+cOkf//kVIm66aTgmmrHNAhqNH9TIZQzunrVL9GaW7pMFTuLcaGkTV9z4bkvVWPB1VGuxjGFFfQUZNwA==",
      "requires": {
        "ramda": "^0.25.0"
      }
    },
    "fs": {
      "version": "0.0.1-security",
      "resolved": "https://registry.npmjs.org/fs/-/fs-0.0.1-security.tgz",
      "integrity": "sha1-invTcYa23d84E/I4WLV+yq9eQdQ=",
      "dev": true
    },
    "immer": {
      "version": "8.0.0",
      "resolved": "https://registry.npmjs.org/immer/-/immer-8.0.0.tgz",
      "integrity": "sha512-jm87NNBAIG4fHwouilCHIecFXp5rMGkiFrAuhVO685UnMAlOneEAnOyzPt8OnP47TC11q/E7vpzZe0WvwepFTg=="
    },
    "ramda": {
      "version": "0.25.0",
      "resolved": "https://registry.npmjs.org/ramda/-/ramda-0.25.0.tgz",
      "integrity": "sha512-GXpfrYVPwx3K7RQ6aYT8KPS8XViSXUVJT1ONhoKPE9VAleW42YE+U+8VEyGWt41EnEQW7gwecYJriTI0pKoecQ=="
    },
    "reflect-metadata": {
      "version": "0.1.13",
      "resolved": "https://registry.npmjs.org/reflect-metadata/-/reflect-metadata-0.1.13.tgz",
      "integrity": "sha512-Ts1Y/anZELhSsjMcU605fU9RE4Oi3p5ORujwbIKXfWa+0Zxs510Qrmrce5/Jowq3cHSZSJqBjypxmHarc+vEWg=="
    }
  }
}
